// !$*UTF8*$!
{
	archiveVersion = 1;
	classes = {
	};
	objectVersion = 77;
	objects = {

/* Begin PBXBuildFile section */
		CE9128A12FCF6D4900796983 /* FirebaseAI in Frameworks */ = {isa = PBXBuildFile; productRef = CE9128A02FCF6D4900796983 /* FirebaseAI */; };
		CE9128A32FCF6D4900796983 /* FirebaseAILogic in Frameworks */ = {isa = PBXBuildFile; productRef = CE9128A22FCF6D4900796983 /* FirebaseAILogic */; };
		CE9128A52FCF6D4900796983 /* FirebaseAnalytics in Frameworks */ = {isa = PBXBuildFile; productRef = CE9128A42FCF6D4900796983 /* FirebaseAnalytics */; };
		CE9128A72FCF6D4900796983 /* FirebaseAnalyticsCore in Frameworks */ = {isa = PBXBuildFile; productRef = CE9128A62FCF6D4900796983 /* FirebaseAnalyticsCore */; };
		CE9128A92FCF6D4900796983 /* FirebaseAnalyticsIdentitySupport in Frameworks */ = {isa = PBXBuildFile; productRef = CE9128A82FCF6D4900796983 /* FirebaseAnalyticsIdentitySupport */; };
		CE9128AB2FCF6D4900796983 /* FirebaseAppCheck in Frameworks */ = {isa = PBXBuildFile; productRef = CE9128AA2FCF6D4900796983 /* FirebaseAppCheck */; };
		CE9128AD2FCF6D4900796983 /* FirebaseAppDistribution-Beta in Frameworks */ = {isa = PBXBuildFile; productRef = CE9128AC2FCF6D4900796983 /* FirebaseAppDistribution-Beta */; };
		CE9128AF2FCF6D4900796983 /* FirebaseAuth in Frameworks */ = {isa = PBXBuildFile; productRef = CE9128AE2FCF6D4900796983 /* FirebaseAuth */; };
		CE9128B12FCF6D4900796983 /* FirebaseAuthCombine-Community in Frameworks */ = {isa = PBXBuildFile; productRef = CE9128B02FCF6D4900796983 /* FirebaseAuthCombine-Community */; };
		CE9128B32FCF6D4900796983 /* FirebaseCore in Frameworks */ = {isa = PBXBuildFile; productRef = CE9128B22FCF6D4900796983 /* FirebaseCore */; };
		CE9128B52FCF6D4900796983 /* FirebaseCrashlytics in Frameworks */ = {isa = PBXBuildFile; productRef = CE9128B42FCF6D4900796983 /* FirebaseCrashlytics */; };
		CE9128B72FCF6D4900796983 /* FirebaseDatabase in Frameworks */ = {isa = PBXBuildFile; productRef = CE9128B62FCF6D4900796983 /* FirebaseDatabase */; };
		CE9128B92FCF6D4900796983 /* FirebaseFirestore in Frameworks */ = {isa = PBXBuildFile; productRef = CE9128B82FCF6D4900796983 /* FirebaseFirestore */; };
		CE9128BB2FCF6D4900796983 /* FirebaseFirestoreCombine-Community in Frameworks */ = {isa = PBXBuildFile; productRef = CE9128BA2FCF6D4900796983 /* FirebaseFirestoreCombine-Community */; };
		CE9128BD2FCF6D4900796983 /* FirebaseFunctions in Frameworks */ = {isa = PBXBuildFile; productRef = CE9128BC2FCF6D4900796983 /* FirebaseFunctions */; };
		CE9128BF2FCF6D4900796983 /* FirebaseFunctionsCombine-Community in Frameworks */ = {isa = PBXBuildFile; productRef = CE9128BE2FCF6D4900796983 /* FirebaseFunctionsCombine-Community */; };
		CE9128C12FCF6D4900796983 /* FirebaseInAppMessaging-Beta in Frameworks */ = {isa = PBXBuildFile; productRef = CE9128C02FCF6D4900796983 /* FirebaseInAppMessaging-Beta */; };
		CE9128C32FCF6D4900796983 /* FirebaseInstallations in Frameworks */ = {isa = PBXBuildFile; productRef = CE9128C22FCF6D4900796983 /* FirebaseInstallations */; };
		CE9128C52FCF6D4900796983 /* FirebaseMLModelDownloader in Frameworks */ = {isa = PBXBuildFile; productRef = CE9128C42FCF6D4900796983 /* FirebaseMLModelDownloader */; };
		CE9128C72FCF6D4900796983 /* FirebaseMessaging in Frameworks */ = {isa = PBXBuildFile; productRef = CE9128C62FCF6D4900796983 /* FirebaseMessaging */; };
		CE9128C92FCF6D4900796983 /* FirebasePerformance in Frameworks */ = {isa = PBXBuildFile; productRef = CE9128C82FCF6D4900796983 /* FirebasePerformance */; };
		CE9128CB2FCF6D4900796983 /* FirebaseRemoteConfig in Frameworks */ = {isa = PBXBuildFile; productRef = CE9128CA2FCF6D4900796983 /* FirebaseRemoteConfig */; };
		CE9128CD2FCF6D4900796983 /* FirebaseStorage in Frameworks */ = {isa = PBXBuildFile; productRef = CE9128CC2FCF6D4900796983 /* FirebaseStorage */; };
		CE9128CF2FCF6D4900796983 /* FirebaseStorageCombine-Community in Frameworks */ = {isa = PBXBuildFile; productRef = CE9128CE2FCF6D4900796983 /* FirebaseStorageCombine-Community */; };
/* End PBXBuildFile section */

/* Begin PBXFileReference section */
		CE497C762FB0CFE800DD9350 /* TrueCam.app */ = {isa = PBXFileReference; explicitFileType = wrapper.application; includeInIndex = 0; path = TrueCam.app; sourceTree = BUILT_PRODUCTS_DIR; };
/* End PBXFileReference section */

/* Begin PBXFileSystemSynchronizedBuildFileExceptionSet section */
		CE13598D2FD2DAF9009555CC /* Exceptions for "TrueCam" folder in "TrueCam" target */ = {
			isa = PBXFileSystemSynchronizedBuildFileExceptionSet;
			membershipExceptions = (
				Info.plist,
			);
			target = CE497C752FB0CFE800DD9350 /* TrueCam */;
		};
/* End PBXFileSystemSynchronizedBuildFileExceptionSet section */

/* Begin PBXFileSystemSynchronizedRootGroup section */
		CE497C782FB0CFE800DD9350 /* TrueCam */ = {
			isa = PBXFileSystemSynchronizedRootGroup;
			exceptions = (
				CE13598D2FD2DAF9009555CC /* Exceptions for "TrueCam" folder in "TrueCam" target */,
			);
			path = TrueCam;
			sourceTree = "<group>";
		};
/* End PBXFileSystemSynchronizedRootGroup section */

/* Begin PBXFrameworksBuildPhase section */
		CE497C732FB0CFE800DD9350 /* Frameworks */ = {
			isa = PBXFrameworksBuildPhase;
			buildActionMask = 2147483647;
			files = (
				CE9128AD2FCF6D4900796983 /* FirebaseAppDistribution-Beta in Frameworks */,
				CE9128B92FCF6D4900796983 /* FirebaseFirestore in Frameworks */,
				CE9128B12FCF6D4900796983 /* FirebaseAuthCombine-Community in Frameworks */,
				CE9128C32FCF6D4900796983 /* FirebaseInstallations in Frameworks */,
				CE9128A32FCF6D4900796983 /* FirebaseAILogic in Frameworks */,
				CE9128A92FCF6D4900796983 /* FirebaseAnalyticsIdentitySupport in Frameworks */,
				CE9128C12FCF6D4900796983 /* FirebaseInAppMessaging-Beta in Frameworks */,
				CE9128A12FCF6D4900796983 /* FirebaseAI in Frameworks */,
				CE9128B52FCF6D4900796983 /* FirebaseCrashlytics in Frameworks */,
				CE9128BF2FCF6D4900796983 /* FirebaseFunctionsCombine-Community in Frameworks */,
				CE9128CF2FCF6D4900796983 /* FirebaseStorageCombine-Community in Frameworks */,
				CE9128B72FCF6D4900796983 /* FirebaseDatabase in Frameworks */,
				CE9128CD2FCF6D4900796983 /* FirebaseStorage in Frameworks */,
				CE9128CB2FCF6D4900796983 /* FirebaseRemoteConfig in Frameworks */,
				CE9128A52FCF6D4900796983 /* FirebaseAnalytics in Frameworks */,
				CE9128C72FCF6D4900796983 /* FirebaseMessaging in Frameworks */,
				CE9128C52FCF6D4900796983 /* FirebaseMLModelDownloader in Frameworks */,
				CE9128C92FCF6D4900796983 /* FirebasePerformance in Frameworks */,
				CE9128B32FCF6D4900796983 /* FirebaseCore in Frameworks */,
				CE9128AB2FCF6D4900796983 /* FirebaseAppCheck in Frameworks */,
				CE9128A72FCF6D4900796983 /* FirebaseAnalyticsCore in Frameworks */,
				CE9128BD2FCF6D4900796983 /* FirebaseFunctions in Frameworks */,
				CE9128AF2FCF6D4900796983 /* FirebaseAuth in Frameworks */,
				CE9128BB2FCF6D4900796983 /* FirebaseFirestoreCombine-Community in Frameworks */,
			);
			runOnlyForDeploymentPostprocessing = 0;
		};
/* End PBXFrameworksBuildPhase section */

/* Begin PBXGroup section */
		CE497C6D2FB0CFE800DD9350 = {
			isa = PBXGroup;
			children = (
				CE497C782FB0CFE800DD9350 /* TrueCam */,
				CE497C772FB0CFE800DD9350 /* Products */,
			);
			sourceTree = "<group>";
		};
		CE497C772FB0CFE800DD9350 /* Products */ = {
			isa = PBXGroup;
			children = (
				CE497C762FB0CFE800DD9350 /* TrueCam.app */,
			);
			name = Products;
			sourceTree = "<group>";
		};
/* End PBXGroup section */

/* Begin PBXNativeTarget section */
		CE497C752FB0CFE800DD9350 /* TrueCam */ = {
			isa = PBXNativeTarget;
			buildConfigurationList = CE497C812FB0CFE900DD9350 /* Build configuration list for PBXNativeTarget "TrueCam" */;
			buildPhases = (
				CE497C722FB0CFE800DD9350 /* Sources */,
				CE497C732FB0CFE800DD9350 /* Frameworks */,
				CE497C742FB0CFE800DD9350 /* Resources */,
			);
			buildRules = (
			);
			dependencies = (
			);
			fileSystemSynchronizedGroups = (
				CE497C782FB0CFE800DD9350 /* TrueCam */,
			);
			name = TrueCam;
			packageProductDependencies = (
				CE9128A02FCF6D4900796983 /* FirebaseAI */,
				CE9128A22FCF6D4900796983 /* FirebaseAILogic */,
				CE9128A42FCF6D4900796983 /* FirebaseAnalytics */,
				CE9128A62FCF6D4900796983 /* FirebaseAnalyticsCore */,
				CE9128A82FCF6D4900796983 /* FirebaseAnalyticsIdentitySupport */,
				CE9128AA2FCF6D4900796983 /* FirebaseAppCheck */,
				CE9128AC2FCF6D4900796983 /* FirebaseAppDistribution-Beta */,
				CE9128AE2FCF6D4900796983 /* FirebaseAuth */,
				CE9128B02FCF6D4900796983 /* FirebaseAuthCombine-Community */,
				CE9128B22FCF6D4900796983 /* FirebaseCore */,
				CE9128B42FCF6D4900796983 /* FirebaseCrashlytics */,
				CE9128B62FCF6D4900796983 /* FirebaseDatabase */,
				CE9128B82FCF6D4900796983 /* FirebaseFirestore */,
				CE9128BA2FCF6D4900796983 /* FirebaseFirestoreCombine-Community */,
				CE9128BC2FCF6D4900796983 /* FirebaseFunctions */,
				CE9128BE2FCF6D4900796983 /* FirebaseFunctionsCombine-Community */,
				CE9128C02FCF6D4900796983 /* FirebaseInAppMessaging-Beta */,
				CE9128C22FCF6D4900796983 /* FirebaseInstallations */,
				CE9128C42FCF6D4900796983 /* FirebaseMLModelDownloader */,
				CE9128C62FCF6D4900796983 /* FirebaseMessaging */,
				CE9128C82FCF6D4900796983 /* FirebasePerformance */,
				CE9128CA2FCF6D4900796983 /* FirebaseRemoteConfig */,
				CE9128CC2FCF6D4900796983 /* FirebaseStorage */,
				CE9128CE2FCF6D4900796983 /* FirebaseStorageCombine-Community */,
			);
			productName = TrueCam;
			productReference = CE497C762FB0CFE800DD9350 /* TrueCam.app */;
			productType = "com.apple.product-type.application";
		};
/* End PBXNativeTarget section */

/* Begin PBXProject section */
		CE497C6E2FB0CFE800DD9350 /* Project object */ = {
			isa = PBXProject;
			attributes = {
				BuildIndependentTargetsInParallel = 1;
				LastSwiftUpdateCheck = 2600;
				LastUpgradeCheck = 2600;
				TargetAttributes = {
					CE497C752FB0CFE800DD9350 = {
						CreatedOnToolsVersion = 26.0.1;
					};
				};
			};
			buildConfigurationList = CE497C712FB0CFE800DD9350 /* Build configuration list for PBXProject "TrueCam" */;
			developmentRegion = en;
			hasScannedForEncodings = 0;
			knownRegions = (
				en,
				Base,
			);
			mainGroup = CE497C6D2FB0CFE800DD9350;
			minimizedProjectReferenceProxies = 1;
			packageReferences = (
				CE4BA3802FCF322A00BD2A6C /* XCRemoteSwiftPackageReference "firebase-ios-sdk" */,
			);
			preferredProjectObjectVersion = 77;
			productRefGroup = CE497C772FB0CFE800DD9350 /* Products */;
			projectDirPath = "";
			projectRoot = "";
			targets = (
				CE497C752FB0CFE800DD9350 /* TrueCam */,
			);
		};
/* End PBXProject section */

/* Begin PBXResourcesBuildPhase section */
		CE497C742FB0CFE800DD9350 /* Resources */ = {
			isa = PBXResourcesBuildPhase;
			buildActionMask = 2147483647;
			files = (
			);
			runOnlyForDeploymentPostprocessing = 0;
		};
/* End PBXResourcesBuildPhase section */

/* Begin PBXSourcesBuildPhase section */
		CE497C722FB0CFE800DD9350 /* Sources */ = {
			isa = PBXSourcesBuildPhase;
			buildActionMask = 2147483647;
			files = (
			);
			runOnlyForDeploymentPostprocessing = 0;
		};
/* End PBXSourcesBuildPhase section */

/* Begin XCBuildConfiguration section */
		CE497C7F2FB0CFE900DD9350 /* Debug */ = {
			isa = XCBuildConfiguration;
			buildSettings = {
				ALWAYS_SEARCH_USER_PATHS = NO;
				ASSETCATALOG_COMPILER_GENERATE_SWIFT_ASSET_SYMBOL_EXTENSIONS = YES;
				CLANG_ANALYZER_NONNULL = YES;
				CLANG_ANALYZER_NUMBER_OBJECT_CONVERSION = YES_AGGRESSIVE;
				CLANG_CXX_LANGUAGE_STANDARD = "gnu++20";
				CLANG_ENABLE_MODULES = YES;
				CLANG_ENABLE_OBJC_ARC = YES;
				CLANG_ENABLE_OBJC_WEAK = YES;
				CLANG_WARN_BLOCK_CAPTURE_AUTORELEASING = YES;
				CLANG_WARN_BOOL_CONVERSION = YES;
				CLANG_WARN_COMMA = YES;
				CLANG_WARN_CONSTANT_CONVERSION = YES;
				CLANG_WARN_DEPRECATED_OBJC_IMPLEMENTATIONS = YES;
				CLANG_WARN_DIRECT_OBJC_ISA_USAGE = YES_ERROR;
				CLANG_WARN_DOCUMENTATION_COMMENTS = YES;
				CLANG_WARN_EMPTY_BODY = YES;
				CLANG_WARN_ENUM_CONVERSION = YES;
				CLANG_WARN_INFINITE_RECURSION = YES;
				CLANG_WARN_INT_CONVERSION = YES;
				CLANG_WARN_NON_LITERAL_NULL_CONVERSION = YES;
				CLANG_WARN_OBJC_IMPLICIT_RETAIN_SELF = YES;
				CLANG_WARN_OBJC_LITERAL_CONVERSION = YES;
				CLANG_WARN_OBJC_ROOT_CLASS = YES_ERROR;
				CLANG_WARN_QUOTED_INCLUDE_IN_FRAMEWORK_HEADER = YES;
				CLANG_WARN_RANGE_LOOP_ANALYSIS = YES;
				CLANG_WARN_STRICT_PROTOTYPES = YES;
				CLANG_WARN_SUSPICIOUS_MOVE = YES;
				CLANG_WARN_UNGUARDED_AVAILABILITY = YES_AGGRESSIVE;
				CLANG_WARN_UNREACHABLE_CODE = YES;
				CLANG_WARN__DUPLICATE_METHOD_MATCH = YES;
				COPY_PHASE_STRIP = NO;
				DEBUG_INFORMATION_FORMAT = dwarf;
				ENABLE_STRICT_OBJC_MSGSEND = YES;
				ENABLE_TESTABILITY = YES;
				ENABLE_USER_SCRIPT_SANDBOXING = YES;
				GCC_C_LANGUAGE_STANDARD = gnu17;
				GCC_DYNAMIC_NO_PIC = NO;
				GCC_NO_COMMON_BLOCKS = YES;
				GCC_OPTIMIZATION_LEVEL = 0;
				GCC_PREPROCESSOR_DEFINITIONS = (
					"DEBUG=1",
					"$(inherited)",
				);
				GCC_WARN_64_TO_32_BIT_CONVERSION = YES;
				GCC_WARN_ABOUT_RETURN_TYPE = YES_ERROR;
				GCC_WARN_UNDECLARED_SELECTOR = YES;
				GCC_WARN_UNINITIALIZED_AUTOS = YES_AGGRESSIVE;
				GCC_WARN_UNUSED_FUNCTION = YES;
				GCC_WARN_UNUSED_VARIABLE = YES;
				LOCALIZATION_PREFERS_STRING_CATALOGS = YES;
				MTL_ENABLE_DEBUG_INFO = INCLUDE_SOURCE;
				MTL_FAST_MATH = YES;
				ONLY_ACTIVE_ARCH = YES;
				SWIFT_ACTIVE_COMPILATION_CONDITIONS = "DEBUG $(inherited)";
				SWIFT_OPTIMIZATION_LEVEL = "-Onone";
			};
			name = Debug;
		};
		CE497C802FB0CFE900DD9350 /* Release */ = {
			isa = XCBuildConfiguration;
			buildSettings = {
				ALWAYS_SEARCH_USER_PATHS = NO;
				ASSETCATALOG_COMPILER_GENERATE_SWIFT_ASSET_SYMBOL_EXTENSIONS = YES;
				CLANG_ANALYZER_NONNULL = YES;
				CLANG_ANALYZER_NUMBER_OBJECT_CONVERSION = YES_AGGRESSIVE;
				CLANG_CXX_LANGUAGE_STANDARD = "gnu++20";
				CLANG_ENABLE_MODULES = YES;
				CLANG_ENABLE_OBJC_ARC = YES;
				CLANG_ENABLE_OBJC_WEAK = YES;
				CLANG_WARN_BLOCK_CAPTURE_AUTORELEASING = YES;
				CLANG_WARN_BOOL_CONVERSION = YES;
				CLANG_WARN_COMMA = YES;
				CLANG_WARN_CONSTANT_CONVERSION = YES;
				CLANG_WARN_DEPRECATED_OBJC_IMPLEMENTATIONS = YES;
				CLANG_WARN_DIRECT_OBJC_ISA_USAGE = YES_ERROR;
				CLANG_WARN_DOCUMENTATION_COMMENTS = YES;
				CLANG_WARN_EMPTY_BODY = YES;
				CLANG_WARN_ENUM_CONVERSION = YES;
				CLANG_WARN_INFINITE_RECURSION = YES;
				CLANG_WARN_INT_CONVERSION = YES;
				CLANG_WARN_NON_LITERAL_NULL_CONVERSION = YES;
				CLANG_WARN_OBJC_IMPLICIT_RETAIN_SELF = YES;
				CLANG_WARN_OBJC_LITERAL_CONVERSION = YES;
				CLANG_WARN_OBJC_ROOT_CLASS = YES_ERROR;
				CLANG_WARN_QUOTED_INCLUDE_IN_FRAMEWORK_HEADER = YES;
				CLANG_WARN_RANGE_LOOP_ANALYSIS = YES;
				CLANG_WARN_STRICT_PROTOTYPES = YES;
				CLANG_WARN_SUSPICIOUS_MOVE = YES;
				CLANG_WARN_UNGUARDED_AVAILABILITY = YES_AGGRESSIVE;
				CLANG_WARN_UNREACHABLE_CODE = YES;
				CLANG_WARN__DUPLICATE_METHOD_MATCH = YES;
				COPY_PHASE_STRIP = NO;
				DEBUG_INFORMATION_FORMAT = "dwarf-with-dsym";
				ENABLE_NS_ASSERTIONS = NO;
				ENABLE_STRICT_OBJC_MSGSEND = YES;
				ENABLE_USER_SCRIPT_SANDBOXING = YES;
				GCC_C_LANGUAGE_STANDARD = gnu17;
				GCC_NO_COMMON_BLOCKS = YES;
				GCC_WARN_64_TO_32_BIT_CONVERSION = YES;
				GCC_WARN_ABOUT_RETURN_TYPE = YES_ERROR;
				GCC_WARN_UNDECLARED_SELECTOR = YES;
				GCC_WARN_UNINITIALIZED_AUTOS = YES_AGGRESSIVE;
				GCC_WARN_UNUSED_FUNCTION = YES;
				GCC_WARN_UNUSED_VARIABLE = YES;
				LOCALIZATION_PREFERS_STRING_CATALOGS = YES;
				MTL_ENABLE_DEBUG_INFO = NO;
				MTL_FAST_MATH = YES;
				SWIFT_COMPILATION_MODE = wholemodule;
			};
			name = Release;
		};
		CE497C822FB0CFE900DD9350 /* Debug */ = {
			isa = XCBuildConfiguration;
			buildSettings = {
				ASSETCATALOG_COMPILER_APPICON_NAME = AppIcon;
				ASSETCATALOG_COMPILER_GLOBAL_ACCENT_COLOR_NAME = AccentColor;
				CODE_SIGN_STYLE = Automatic;
				CURRENT_PROJECT_VERSION = 1;
				DEVELOPMENT_TEAM = ZMNRKKR453;
				ENABLE_APP_SANDBOX = YES;
				ENABLE_HARDENED_RUNTIME = YES;
				ENABLE_OUTGOING_NETWORK_CONNECTIONS = YES;
				ENABLE_PREVIEWS = YES;
				ENABLE_USER_SELECTED_FILES = readonly;
				GENERATE_INFOPLIST_FILE = YES;
				INFOPLIST_FILE = TrueCam/Info.plist;
				"INFOPLIST_KEY_UIApplicationSceneManifest_Generation[sdk=iphoneos*]" = YES;
				"INFOPLIST_KEY_UIApplicationSceneManifest_Generation[sdk=iphonesimulator*]" = YES;
				"INFOPLIST_KEY_UIApplicationSupportsIndirectInputEvents[sdk=iphoneos*]" = YES;
				"INFOPLIST_KEY_UIApplicationSupportsIndirectInputEvents[sdk=iphonesimulator*]" = YES;
				"INFOPLIST_KEY_UILaunchScreen_Generation[sdk=iphoneos*]" = YES;
				"INFOPLIST_KEY_UILaunchScreen_Generation[sdk=iphonesimulator*]" = YES;
				"INFOPLIST_KEY_UIStatusBarStyle[sdk=iphoneos*]" = UIStatusBarStyleDefault;
				"INFOPLIST_KEY_UIStatusBarStyle[sdk=iphonesimulator*]" = UIStatusBarStyleDefault;
				INFOPLIST_KEY_UISupportedInterfaceOrientations_iPad = "UIInterfaceOrientationPortrait UIInterfaceOrientationPortraitUpsideDown UIInterfaceOrientationLandscapeLeft UIInterfaceOrientationLandscapeRight";
				INFOPLIST_KEY_UISupportedInterfaceOrientations_iPhone = "UIInterfaceOrientationPortrait UIInterfaceOrientationLandscapeLeft UIInterfaceOrientationLandscapeRight";
				IPHONEOS_DEPLOYMENT_TARGET = 26.0;
				LD_RUNPATH_SEARCH_PATHS = "@executable_path/Frameworks";
				"LD_RUNPATH_SEARCH_PATHS[sdk=macosx*]" = "@executable_path/../Frameworks";
				MACOSX_DEPLOYMENT_TARGET = 15.7;
				MARKETING_VERSION = 1.0;
				PRODUCT_BUNDLE_IDENTIFIER = com.damoonsaber.TrueCam;
				PRODUCT_NAME = "$(TARGET_NAME)";
				REGISTER_APP_GROUPS = YES;
				SDKROOT = auto;
				STRING_CATALOG_GENERATE_SYMBOLS = YES;
				SUPPORTED_PLATFORMS = "iphoneos iphonesimulator";
				SUPPORTS_MACCATALYST = NO;
				SUPPORTS_XR_DESIGNED_FOR_IPHONE_IPAD = NO;
				SWIFT_APPROACHABLE_CONCURRENCY = YES;
				SWIFT_DEFAULT_ACTOR_ISOLATION = MainActor;
				SWIFT_EMIT_LOC_STRINGS = YES;
				SWIFT_UPCOMING_FEATURE_MEMBER_IMPORT_VISIBILITY = YES;
				SWIFT_VERSION = 5.0;
				TARGETED_DEVICE_FAMILY = "1,2";
				XROS_DEPLOYMENT_TARGET = 26.0;
			};
			name = Debug;
		};
		CE497C832FB0CFE900DD9350 /* Release */ = {
			isa = XCBuildConfiguration;
			buildSettings = {
				ASSETCATALOG_COMPILER_APPICON_NAME = AppIcon;
				ASSETCATALOG_COMPILER_GLOBAL_ACCENT_COLOR_NAME = AccentColor;
				CODE_SIGN_STYLE = Automatic;
				CURRENT_PROJECT_VERSION = 1;
				DEVELOPMENT_TEAM = ZMNRKKR453;
				ENABLE_APP_SANDBOX = YES;
				ENABLE_HARDENED_RUNTIME = YES;
				ENABLE_OUTGOING_NETWORK_CONNECTIONS = YES;
				ENABLE_PREVIEWS = YES;
				ENABLE_USER_SELECTED_FILES = readonly;
				GENERATE_INFOPLIST_FILE = YES;
				INFOPLIST_FILE = TrueCam/Info.plist;
				"INFOPLIST_KEY_UIApplicationSceneManifest_Generation[sdk=iphoneos*]" = YES;
				"INFOPLIST_KEY_UIApplicationSceneManifest_Generation[sdk=iphonesimulator*]" = YES;
				"INFOPLIST_KEY_UIApplicationSupportsIndirectInputEvents[sdk=iphoneos*]" = YES;
				"INFOPLIST_KEY_UIApplicationSupportsIndirectInputEvents[sdk=iphonesimulator*]" = YES;
				"INFOPLIST_KEY_UILaunchScreen_Generation[sdk=iphoneos*]" = YES;
				"INFOPLIST_KEY_UILaunchScreen_Generation[sdk=iphonesimulator*]" = YES;
				"INFOPLIST_KEY_UIStatusBarStyle[sdk=iphoneos*]" = UIStatusBarStyleDefault;
				"INFOPLIST_KEY_UIStatusBarStyle[sdk=iphonesimulator*]" = UIStatusBarStyleDefault;
				INFOPLIST_KEY_UISupportedInterfaceOrientations_iPad = "UIInterfaceOrientationPortrait UIInterfaceOrientationPortraitUpsideDown UIInterfaceOrientationLandscapeLeft UIInterfaceOrientationLandscapeRight";
				INFOPLIST_KEY_UISupportedInterfaceOrientations_iPhone = "UIInterfaceOrientationPortrait UIInterfaceOrientationLandscapeLeft UIInterfaceOrientationLandscapeRight";
				IPHONEOS_DEPLOYMENT_TARGET = 26.0;
				LD_RUNPATH_SEARCH_PATHS = "@executable_path/Frameworks";
				"LD_RUNPATH_SEARCH_PATHS[sdk=macosx*]" = "@executable_path/../Frameworks";
				MACOSX_DEPLOYMENT_TARGET = 15.7;
				MARKETING_VERSION = 1.0;
				PRODUCT_BUNDLE_IDENTIFIER = com.damoonsaber.TrueCam;
				PRODUCT_NAME = "$(TARGET_NAME)";
				REGISTER_APP_GROUPS = YES;
				SDKROOT = auto;
				STRING_CATALOG_GENERATE_SYMBOLS = YES;
				SUPPORTED_PLATFORMS = "iphoneos iphonesimulator";
				SUPPORTS_MACCATALYST = NO;
				SUPPORTS_XR_DESIGNED_FOR_IPHONE_IPAD = NO;
				SWIFT_APPROACHABLE_CONCURRENCY = YES;
				SWIFT_DEFAULT_ACTOR_ISOLATION = MainActor;
				SWIFT_EMIT_LOC_STRINGS = YES;
				SWIFT_UPCOMING_FEATURE_MEMBER_IMPORT_VISIBILITY = YES;
				SWIFT_VERSION = 5.0;
				TARGETED_DEVICE_FAMILY = "1,2";
				XROS_DEPLOYMENT_TARGET = 26.0;
			};
			name = Release;
		};
/* End XCBuildConfiguration section */

/* Begin XCConfigurationList section */
		CE497C712FB0CFE800DD9350 /* Build configuration list for PBXProject "TrueCam" */ = {
			isa = XCConfigurationList;
			buildConfigurations = (
				CE497C7F2FB0CFE900DD9350 /* Debug */,
				CE497C802FB0CFE900DD9350 /* Release */,
			);
			defaultConfigurationIsVisible = 0;
			defaultConfigurationName = Release;
		};
		CE497C812FB0CFE900DD9350 /* Build configuration list for PBXNativeTarget "TrueCam" */ = {
			isa = XCConfigurationList;
			buildConfigurations = (
				CE497C822FB0CFE900DD9350 /* Debug */,
				CE497C832FB0CFE900DD9350 /* Release */,
			);
			defaultConfigurationIsVisible = 0;
			defaultConfigurationName = Release;
		};
/* End XCConfigurationList section */

/* Begin XCRemoteSwiftPackageReference section */
		CE4BA3802FCF322A00BD2A6C /* XCRemoteSwiftPackageReference "firebase-ios-sdk" */ = {
			isa = XCRemoteSwiftPackageReference;
			repositoryURL = "https://github.com/firebase/firebase-ios-sdk.git";
			requirement = {
				kind = upToNextMinorVersion;
				minimumVersion = 12.14.0;
			};
		};
/* End XCRemoteSwiftPackageReference section */

/* Begin XCSwiftPackageProductDependency section */
		CE9128A02FCF6D4900796983 /* FirebaseAI */ = {
			isa = XCSwiftPackageProductDependency;
			package = CE4BA3802FCF322A00BD2A6C /* XCRemoteSwiftPackageReference "firebase-ios-sdk" */;
			productName = FirebaseAI;
		};
		CE9128A22FCF6D4900796983 /* FirebaseAILogic */ = {
			isa = XCSwiftPackageProductDependency;
			package = CE4BA3802FCF322A00BD2A6C /* XCRemoteSwiftPackageReference "firebase-ios-sdk" */;
			productName = FirebaseAILogic;
		};
		CE9128A42FCF6D4900796983 /* FirebaseAnalytics */ = {
			isa = XCSwiftPackageProductDependency;
			package = CE4BA3802FCF322A00BD2A6C /* XCRemoteSwiftPackageReference "firebase-ios-sdk" */;
			productName = FirebaseAnalytics;
		};
		CE9128A62FCF6D4900796983 /* FirebaseAnalyticsCore */ = {
			isa = XCSwiftPackageProductDependency;
			package = CE4BA3802FCF322A00BD2A6C /* XCRemoteSwiftPackageReference "firebase-ios-sdk" */;
			productName = FirebaseAnalyticsCore;
		};
		CE9128A82FCF6D4900796983 /* FirebaseAnalyticsIdentitySupport */ = {
			isa = XCSwiftPackageProductDependency;
			package = CE4BA3802FCF322A00BD2A6C /* XCRemoteSwiftPackageReference "firebase-ios-sdk" */;
			productName = FirebaseAnalyticsIdentitySupport;
		};
		CE9128AA2FCF6D4900796983 /* FirebaseAppCheck */ = {
			isa = XCSwiftPackageProductDependency;
			package = CE4BA3802FCF322A00BD2A6C /* XCRemoteSwiftPackageReference "firebase-ios-sdk" */;
			productName = FirebaseAppCheck;
		};
		CE9128AC2FCF6D4900796983 /* FirebaseAppDistribution-Beta */ = {
			isa = XCSwiftPackageProductDependency;
			package = CE4BA3802FCF322A00BD2A6C /* XCRemoteSwiftPackageReference "firebase-ios-sdk" */;
			productName = "FirebaseAppDistribution-Beta";
		};
		CE9128AE2FCF6D4900796983 /* FirebaseAuth */ = {
			isa = XCSwiftPackageProductDependency;
			package = CE4BA3802FCF322A00BD2A6C /* XCRemoteSwiftPackageReference "firebase-ios-sdk" */;
			productName = FirebaseAuth;
		};
		CE9128B02FCF6D4900796983 /* FirebaseAuthCombine-Community */ = {
			isa = XCSwiftPackageProductDependency;
			package = CE4BA3802FCF322A00BD2A6C /* XCRemoteSwiftPackageReference "firebase-ios-sdk" */;
			productName = "FirebaseAuthCombine-Community";
		};
		CE9128B22FCF6D4900796983 /* FirebaseCore */ = {
			isa = XCSwiftPackageProductDependency;
			package = CE4BA3802FCF322A00BD2A6C /* XCRemoteSwiftPackageReference "firebase-ios-sdk" */;
			productName = FirebaseCore;
		};
		CE9128B42FCF6D4900796983 /* FirebaseCrashlytics */ = {
			isa = XCSwiftPackageProductDependency;
			package = CE4BA3802FCF322A00BD2A6C /* XCRemoteSwiftPackageReference "firebase-ios-sdk" */;
			productName = FirebaseCrashlytics;
		};
		CE9128B62FCF6D4900796983 /* FirebaseDatabase */ = {
			isa = XCSwiftPackageProductDependency;
			package = CE4BA3802FCF322A00BD2A6C /* XCRemoteSwiftPackageReference "firebase-ios-sdk" */;
			productName = FirebaseDatabase;
		};
		CE9128B82FCF6D4900796983 /* FirebaseFirestore */ = {
			isa = XCSwiftPackageProductDependency;
			package = CE4BA3802FCF322A00BD2A6C /* XCRemoteSwiftPackageReference "firebase-ios-sdk" */;
			productName = FirebaseFirestore;
		};
		CE9128BA2FCF6D4900796983 /* FirebaseFirestoreCombine-Community */ = {
			isa = XCSwiftPackageProductDependency;
			package = CE4BA3802FCF322A00BD2A6C /* XCRemoteSwiftPackageReference "firebase-ios-sdk" */;
			productName = "FirebaseFirestoreCombine-Community";
		};
		CE9128BC2FCF6D4900796983 /* FirebaseFunctions */ = {
			isa = XCSwiftPackageProductDependency;
			package = CE4BA3802FCF322A00BD2A6C /* XCRemoteSwiftPackageReference "firebase-ios-sdk" */;
			productName = FirebaseFunctions;
		};
		CE9128BE2FCF6D4900796983 /* FirebaseFunctionsCombine-Community */ = {
			isa = XCSwiftPackageProductDependency;
			package = CE4BA3802FCF322A00BD2A6C /* XCRemoteSwiftPackageReference "firebase-ios-sdk" */;
			productName = "FirebaseFunctionsCombine-Community";
		};
		CE9128C02FCF6D4900796983 /* FirebaseInAppMessaging-Beta */ = {
			isa = XCSwiftPackageProductDependency;
			package = CE4BA3802FCF322A00BD2A6C /* XCRemoteSwiftPackageReference "firebase-ios-sdk" */;
			productName = "FirebaseInAppMessaging-Beta";
		};
		CE9128C22FCF6D4900796983 /* FirebaseInstallations */ = {
			isa = XCSwiftPackageProductDependency;
			package = CE4BA3802FCF322A00BD2A6C /* XCRemoteSwiftPackageReference "firebase-ios-sdk" */;
			productName = FirebaseInstallations;
		};
		CE9128C42FCF6D4900796983 /* FirebaseMLModelDownloader */ = {
			isa = XCSwiftPackageProductDependency;
			package = CE4BA3802FCF322A00BD2A6C /* XCRemoteSwiftPackageReference "firebase-ios-sdk" */;
			productName = FirebaseMLModelDownloader;
		};
		CE9128C62FCF6D4900796983 /* FirebaseMessaging */ = {
			isa = XCSwiftPackageProductDependency;
			package = CE4BA3802FCF322A00BD2A6C /* XCRemoteSwiftPackageReference "firebase-ios-sdk" */;
			productName = FirebaseMessaging;
		};
		CE9128C82FCF6D4900796983 /* FirebasePerformance */ = {
			isa = XCSwiftPackageProductDependency;
			package = CE4BA3802FCF322A00BD2A6C /* XCRemoteSwiftPackageReference "firebase-ios-sdk" */;
			productName = FirebasePerformance;
		};
		CE9128CA2FCF6D4900796983 /* FirebaseRemoteConfig */ = {
			isa = XCSwiftPackageProductDependency;
			package = CE4BA3802FCF322A00BD2A6C /* XCRemoteSwiftPackageReference "firebase-ios-sdk" */;
			productName = FirebaseRemoteConfig;
		};
		CE9128CC2FCF6D4900796983 /* FirebaseStorage */ = {
			isa = XCSwiftPackageProductDependency;
			package = CE4BA3802FCF322A00BD2A6C /* XCRemoteSwiftPackageReference "firebase-ios-sdk" */;
			productName = FirebaseStorage;
		};
		CE9128CE2FCF6D4900796983 /* FirebaseStorageCombine-Community */ = {
			isa = XCSwiftPackageProductDependency;
			package = CE4BA3802FCF322A00BD2A6C /* XCRemoteSwiftPackageReference "firebase-ios-sdk" */;
			productName = "FirebaseStorageCombine-Community";
		};
/* End XCSwiftPackageProductDependency section */
	};
	rootObject = CE497C6E2FB0CFE800DD9350 /* Project object */;
}
